
Microsoft Visual Studio Solution File, Format Version 12.00
# Visual Studio Version 17
VisualStudioVersion = 17.5.002.0
MinimumVisualStudioVersion = 10.0.40219.1
Project("{9A19103F-16F7-4668-BE54-9A1E7A4F7556}") = "Clase4", "Clase4.csproj", "{73CCDA17-4972-4094-8819-9D35DB75DF9C}"
EndProject
Global
	GlobalSection(SolutionConfigurationPlatforms) = preSolution
		Debug|Any CPU = Debug|Any CPU
		Release|Any CPU = Release|Any CPU
	EndGlobalSection
	GlobalSection(ProjectConfigurationPlatforms) = postSolution
		{73CCDA17-4972-4094-8819-9D35DB75DF9C}.Debug|Any CPU.ActiveCfg = Debug|Any CPU
		{73CCDA17-4972-4094-8819-9D35DB75DF9C}.Debug|Any CPU.Build.0 = Debug|Any CPU
		{73CCDA17-4972-4094-8819-9D35DB75DF9C}.Release|Any CPU.ActiveCfg = Release|Any CPU
		{73CCDA17-4972-4094-8819-9D35DB75DF9C}.Release|Any CPU.Build.0 = Release|Any CPU
	EndGlobalSection
	GlobalSection(SolutionProperties) = preSolution
		HideSolutionNode = FALSE
	EndGlobalSection
	GlobalSection(ExtensibilityGlobals) = postSolution
		SolutionGuid = {5DA6B293-D89F-4981-92E2-46511800B405}
	EndGlobalSection
EndGlobal
